
Microsoft Visual Studio Solution File, Format Version 12.00
# Visual Studio Version 16
VisualStudioVersion = 16.0.31729.503
MinimumVisualStudioVersion = 10.0.40219.1
Project("{9A19103F-16F7-4668-BE54-9A1E7A4F7556}") = "CaioCavalcante_atividadePratica", "CaioCavalcante_atividadePratica.csproj", "{553F6DDF-693B-418A-808C-C891B22A7E24}"
EndProject
Global
	GlobalSection(SolutionConfigurationPlatforms) = preSolution
		Debug|Any CPU = Debug|Any CPU
		Release|Any CPU = Release|Any CPU
	EndGlobalSection
	GlobalSection(ProjectConfigurationPlatforms) = postSolution
		{553F6DDF-693B-418A-808C-C891B22A7E24}.Debug|Any CPU.ActiveCfg = Debug|Any CPU
		{553F6DDF-693B-418A-808C-C891B22A7E24}.Debug|Any CPU.Build.0 = Debug|Any CPU
		{553F6DDF-693B-418A-808C-C891B22A7E24}.Release|Any CPU.ActiveCfg = Release|Any CPU
		{553F6DDF-693B-418A-808C-C891B22A7E24}.Release|Any CPU.Build.0 = Release|Any CPU
	EndGlobalSection
	GlobalSection(SolutionProperties) = preSolution
		HideSolutionNode = FALSE
	EndGlobalSection
	GlobalSection(ExtensibilityGlobals) = postSolution
		SolutionGuid = {5CF710A8-9666-40F7-9EAF-09B36FED6A75}
	EndGlobalSection
EndGlobal
